
Microsoft Visual Studio Solution File, Format Version 12.00
# Visual Studio Version 16
VisualStudioVersion = 16.0.29102.190
MinimumVisualStudioVersion = 10.0.40219.1
Project("{FAE04EC0-301F-11D3-BF4B-00C04F79EFBC}") = "ExercicioComposiçao", "ExercicioComposiçao\ExercicioComposiçao.csproj", "{DC90EB97-8CC6-4DEE-A044-EAD7117B81E0}"
EndProject
Global
	GlobalSection(SolutionConfigurationPlatforms) = preSolution
		Debug|Any CPU = Debug|Any CPU
		Release|Any CPU = Release|Any CPU
	EndGlobalSection
	GlobalSection(ProjectConfigurationPlatforms) = postSolution
		{DC90EB97-8CC6-4DEE-A044-EAD7117B81E0}.Debug|Any CPU.ActiveCfg = Debug|Any CPU
		{DC90EB97-8CC6-4DEE-A044-EAD7117B81E0}.Debug|Any CPU.Build.0 = Debug|Any CPU
		{DC90EB97-8CC6-4DEE-A044-EAD7117B81E0}.Release|Any CPU.ActiveCfg = Release|Any CPU
		{DC90EB97-8CC6-4DEE-A044-EAD7117B81E0}.Release|Any CPU.Build.0 = Release|Any CPU
	EndGlobalSection
	GlobalSection(SolutionProperties) = preSolution
		HideSolutionNode = FALSE
	EndGlobalSection
	GlobalSection(ExtensibilityGlobals) = postSolution
		SolutionGuid = {EB9CC9AB-3EC0-4D88-8FEC-C20BF7058A35}
	EndGlobalSection
EndGlobal
